{
  "name": "projecthub",
  "version": "1.0.0",
  "lockfileVersion": 1,
  "requires": true,
  "dependencies": {
    "bcryptjs": {
      "version": "2.4.3",
      "resolved": "https://registry.npmjs.org/bcryptjs/-/bcryptjs-2.4.3.tgz",
      "integrity": "sha1-mrVie5PmBiH/fNrF2pczAn3x0Ms="
    },
    "joi-password-complexity": {
      "version": "5.1.0",
      "resolved": "https://registry.npmjs.org/joi-password-complexity/-/joi-password-complexity-5.1.0.tgz",
      "integrity": "sha512-2F/cPybttJGuyVmZ8X/yihemshhAuFt4fHGlz8CFNP7R8PzH90K8OeNzY9RrdADM6uu3D2xTXej/odvRjdkqaw=="
    }
  }
}
